PODS:
  - DDkeyboard (0.1.0)
  - Expecta (1.0.5)
  - Expecta+Snapshots (3.1.0):
    - Expecta (~> 1.0)
    - FBSnapshotTestCase/Core (~> 2.0)
    - Specta (~> 1.0)
  - FBSnapshotTestCase (2.1.4):
    - FBSnapshotTestCase/SwiftSupport (= 2.1.4)
  - FBSnapshotTestCase/Core (2.1.4)
  - FBSnapshotTestCase/SwiftSupport (2.1.4):
    - FBSnapshotTestCase/Core
  - Specta (1.0.6)

DEPENDENCIES:
  - DDkeyboard (from `../`)
  - Expecta
  - Expecta+Snapshots
  - FBSnapshotTestCase
  - Specta

EXTERNAL SOURCES:
  DDkeyboard:
    :path: "../"

SPEC CHECKSUMS:
  DDkeyboard: 13cd5fca4b8ab03299942b93779592339042e511
  Expecta: e1c022fcd33910b6be89c291d2775b3fe27a89fe
  Expecta+Snapshots: 9975fe0307199d37371e6b77de35ef7079e7616a
  FBSnapshotTestCase: 094f9f314decbabe373b87cc339bea235a63e07a
  Specta: f506f3a8361de16bc0dcf3b17b75e269072ba465

PODFILE CHECKSUM: 7e3fc539fc57830b3387255252efc8fb69472bff

COCOAPODS: 1.2.0
